// !$*UTF8*$!
{
	archiveVersion = 1;
	classes = {
	};
	objectVersion = 56;
	objects = {

/* Begin PBXBuildFile section */
		7808226D2B73EC5900DCAB07 /* SDWebImage in Frameworks */ = {isa = PBXBuildFile; productRef = 7808226C2B73EC5900DCAB07 /* SDWebImage */; };
		7808226F2B741D9500DCAB07 /* StorageManager.swift in Sources */ = {isa = PBXBuildFile; fileRef = 7808226E2B741D9500DCAB07 /* StorageManager.swift */; };
		780822722B74204000DCAB07 /* Extension + UserDefaults.swift in Sources */ = {isa = PBXBuildFile; fileRef = 780822712B74204000DCAB07 /* Extension + UserDefaults.swift */; };
		782012B32B73D00600BB44D9 /* AppDelegate.swift in Sources */ = {isa = PBXBuildFile; fileRef = 782012B22B73D00600BB44D9 /* AppDelegate.swift */; };
		782012B52B73D00600BB44D9 /* SceneDelegate.swift in Sources */ = {isa = PBXBuildFile; fileRef = 782012B42B73D00600BB44D9 /* SceneDelegate.swift */; };
		782012B72B73D00600BB44D9 /* SearchViewController.swift in Sources */ = {isa = PBXBuildFile; fileRef = 782012B62B73D00600BB44D9 /* SearchViewController.swift */; };
		782012BC2B73D00700BB44D9 /* Assets.xcassets in Resources */ = {isa = PBXBuildFile; fileRef = 782012BB2B73D00700BB44D9 /* Assets.xcassets */; };
		782012C82B73D09700BB44D9 /* Alamofire in Frameworks */ = {isa = PBXBuildFile; productRef = 782012C72B73D09700BB44D9 /* Alamofire */; };
		782012CA2B73D10200BB44D9 /* Book.swift in Sources */ = {isa = PBXBuildFile; fileRef = 782012C92B73D10200BB44D9 /* Book.swift */; };
		782012CD2B73D51200BB44D9 /* SnapKit in Frameworks */ = {isa = PBXBuildFile; productRef = 782012CC2B73D51200BB44D9 /* SnapKit */; };
		782012CF2B73E29600BB44D9 /* SearchViewModel.swift in Sources */ = {isa = PBXBuildFile; fileRef = 782012CE2B73E29600BB44D9 /* SearchViewModel.swift */; };
		782012D32B73E2BF00BB44D9 /* BookViewController.swift in Sources */ = {isa = PBXBuildFile; fileRef = 782012D22B73E2BF00BB44D9 /* BookViewController.swift */; };
		782012D52B73E2D600BB44D9 /* BookDetailViewModel.swift in Sources */ = {isa = PBXBuildFile; fileRef = 782012D42B73E2D600BB44D9 /* BookDetailViewModel.swift */; };
		782012DB2B73E3E300BB44D9 /* NetworkManager.swift in Sources */ = {isa = PBXBuildFile; fileRef = 782012DA2B73E3E300BB44D9 /* NetworkManager.swift */; };
		782012DD2B73E61B00BB44D9 /* BookTableViewCell.swift in Sources */ = {isa = PBXBuildFile; fileRef = 782012DC2B73E61B00BB44D9 /* BookTableViewCell.swift */; };
		78DE4B932B74260D0067DC36 /* SearchCoordinator.swift in Sources */ = {isa = PBXBuildFile; fileRef = 78DE4B922B74260D0067DC36 /* SearchCoordinator.swift */; };
/* End PBXBuildFile section */

/* Begin PBXFileReference section */
		7808226E2B741D9500DCAB07 /* StorageManager.swift */ = {isa = PBXFileReference; lastKnownFileType = sourcecode.swift; path = StorageManager.swift; sourceTree = "<group>"; };
		780822712B74204000DCAB07 /* Extension + UserDefaults.swift */ = {isa = PBXFileReference; lastKnownFileType = sourcecode.swift; path = "Extension + UserDefaults.swift"; sourceTree = "<group>"; };
		782012AF2B73D00600BB44D9 /* searching.Books.app */ = {isa = PBXFileReference; explicitFileType = wrapper.application; includeInIndex = 0; path = searching.Books.app; sourceTree = BUILT_PRODUCTS_DIR; };
		782012B22B73D00600BB44D9 /* AppDelegate.swift */ = {isa = PBXFileReference; lastKnownFileType = sourcecode.swift; path = AppDelegate.swift; sourceTree = "<group>"; };
		782012B42B73D00600BB44D9 /* SceneDelegate.swift */ = {isa = PBXFileReference; lastKnownFileType = sourcecode.swift; path = SceneDelegate.swift; sourceTree = "<group>"; };
		782012B62B73D00600BB44D9 /* SearchViewController.swift */ = {isa = PBXFileReference; lastKnownFileType = sourcecode.swift; path = SearchViewController.swift; sourceTree = "<group>"; };
		782012BB2B73D00700BB44D9 /* Assets.xcassets */ = {isa = PBXFileReference; lastKnownFileType = folder.assetcatalog; path = Assets.xcassets; sourceTree = "<group>"; };
		782012C02B73D00700BB44D9 /* Info.plist */ = {isa = PBXFileReference; lastKnownFileType = text.plist.xml; path = Info.plist; sourceTree = "<group>"; };
		782012C92B73D10200BB44D9 /* Book.swift */ = {isa = PBXFileReference; lastKnownFileType = sourcecode.swift; path = Book.swift; sourceTree = "<group>"; };
		782012CE2B73E29600BB44D9 /* SearchViewModel.swift */ = {isa = PBXFileReference; lastKnownFileType = sourcecode.swift; path = SearchViewModel.swift; sourceTree = "<group>"; };
		782012D22B73E2BF00BB44D9 /* BookViewController.swift */ = {isa = PBXFileReference; lastKnownFileType = sourcecode.swift; path = BookViewController.swift; sourceTree = "<group>"; };
		782012D42B73E2D600BB44D9 /* BookDetailViewModel.swift */ = {isa = PBXFileReference; lastKnownFileType = sourcecode.swift; path = BookDetailViewModel.swift; sourceTree = "<group>"; };
		782012DA2B73E3E300BB44D9 /* NetworkManager.swift */ = {isa = PBXFileReference; lastKnownFileType = sourcecode.swift; path = NetworkManager.swift; sourceTree = "<group>"; };
		782012DC2B73E61B00BB44D9 /* BookTableViewCell.swift */ = {isa = PBXFileReference; lastKnownFileType = sourcecode.swift; path = BookTableViewCell.swift; sourceTree = "<group>"; };
		78DE4B922B74260D0067DC36 /* SearchCoordinator.swift */ = {isa = PBXFileReference; lastKnownFileType = sourcecode.swift; path = SearchCoordinator.swift; sourceTree = "<group>"; };
/* End PBXFileReference section */

/* Begin PBXFrameworksBuildPhase section */
		782012AC2B73D00600BB44D9 /* Frameworks */ = {
			isa = PBXFrameworksBuildPhase;
			buildActionMask = 2147483647;
			files = (
				7808226D2B73EC5900DCAB07 /* SDWebImage in Frameworks */,
				782012C82B73D09700BB44D9 /* Alamofire in Frameworks */,
				782012CD2B73D51200BB44D9 /* SnapKit in Frameworks */,
			);
			runOnlyForDeploymentPostprocessing = 0;
		};
/* End PBXFrameworksBuildPhase section */

/* Begin PBXGroup section */
		780822702B741ED700DCAB07 /* Services */ = {
			isa = PBXGroup;
			children = (
				7808226E2B741D9500DCAB07 /* StorageManager.swift */,
				782012DA2B73E3E300BB44D9 /* NetworkManager.swift */,
				78DE4B922B74260D0067DC36 /* SearchCoordinator.swift */,
			);
			path = Services;
			sourceTree = "<group>";
		};
		780822732B74204F00DCAB07 /* Extensions */ = {
			isa = PBXGroup;
			children = (
				780822712B74204000DCAB07 /* Extension + UserDefaults.swift */,
			);
			path = Extensions;
			sourceTree = "<group>";
		};
		782012A62B73D00600BB44D9 = {
			isa = PBXGroup;
			children = (
				782012B12B73D00600BB44D9 /* searching.Books */,
				782012B02B73D00600BB44D9 /* Products */,
			);
			sourceTree = "<group>";
		};
		782012B02B73D00600BB44D9 /* Products */ = {
			isa = PBXGroup;
			children = (
				782012AF2B73D00600BB44D9 /* searching.Books.app */,
			);
			name = Products;
			sourceTree = "<group>";
		};
		782012B12B73D00600BB44D9 /* searching.Books */ = {
			isa = PBXGroup;
			children = (
				782012D72B73E2FB00BB44D9 /* App */,
				780822732B74204F00DCAB07 /* Extensions */,
				780822702B741ED700DCAB07 /* Services */,
				782012D12B73E2A900BB44D9 /* Modules */,
				782012D82B73E30F00BB44D9 /* Models */,
				782012D92B73E33000BB44D9 /* Resources */,
			);
			path = searching.Books;
			sourceTree = "<group>";
		};
		782012D02B73E29E00BB44D9 /* Search */ = {
			isa = PBXGroup;
			children = (
				782012B62B73D00600BB44D9 /* SearchViewController.swift */,
				782012CE2B73E29600BB44D9 /* SearchViewModel.swift */,
				782012DC2B73E61B00BB44D9 /* BookTableViewCell.swift */,
			);
			path = Search;
			sourceTree = "<group>";
		};
		782012D12B73E2A900BB44D9 /* Modules */ = {
			isa = PBXGroup;
			children = (
				782012D02B73E29E00BB44D9 /* Search */,
				782012D62B73E2E700BB44D9 /* Book */,
			);
			path = Modules;
			sourceTree = "<group>";
		};
		782012D62B73E2E700BB44D9 /* Book */ = {
			isa = PBXGroup;
			children = (
				782012D22B73E2BF00BB44D9 /* BookViewController.swift */,
				782012D42B73E2D600BB44D9 /* BookDetailViewModel.swift */,
			);
			path = Book;
			sourceTree = "<group>";
		};
		782012D72B73E2FB00BB44D9 /* App */ = {
			isa = PBXGroup;
			children = (
				782012B22B73D00600BB44D9 /* AppDelegate.swift */,
				782012B42B73D00600BB44D9 /* SceneDelegate.swift */,
				782012C02B73D00700BB44D9 /* Info.plist */,
			);
			path = App;
			sourceTree = "<group>";
		};
		782012D82B73E30F00BB44D9 /* Models */ = {
			isa = PBXGroup;
			children = (
				782012C92B73D10200BB44D9 /* Book.swift */,
			);
			path = Models;
			sourceTree = "<group>";
		};
		782012D92B73E33000BB44D9 /* Resources */ = {
			isa = PBXGroup;
			children = (
				782012BB2B73D00700BB44D9 /* Assets.xcassets */,
			);
			path = Resources;
			sourceTree = "<group>";
		};
/* End PBXGroup section */

/* Begin PBXNativeTarget section */
		782012AE2B73D00600BB44D9 /* searching.Books */ = {
			isa = PBXNativeTarget;
			buildConfigurationList = 782012C32B73D00700BB44D9 /* Build configuration list for PBXNativeTarget "searching.Books" */;
			buildPhases = (
				782012AB2B73D00600BB44D9 /* Sources */,
				782012AC2B73D00600BB44D9 /* Frameworks */,
				782012AD2B73D00600BB44D9 /* Resources */,
			);
			buildRules = (
			);
			dependencies = (
			);
			name = searching.Books;
			packageProductDependencies = (
				782012C72B73D09700BB44D9 /* Alamofire */,
				782012CC2B73D51200BB44D9 /* SnapKit */,
				7808226C2B73EC5900DCAB07 /* SDWebImage */,
			);
			productName = searching.Books;
			productReference = 782012AF2B73D00600BB44D9 /* searching.Books.app */;
			productType = "com.apple.product-type.application";
		};
/* End PBXNativeTarget section */

/* Begin PBXProject section */
		782012A72B73D00600BB44D9 /* Project object */ = {
			isa = PBXProject;
			attributes = {
				BuildIndependentTargetsInParallel = 1;
				LastSwiftUpdateCheck = 1420;
				LastUpgradeCheck = 1420;
				TargetAttributes = {
					782012AE2B73D00600BB44D9 = {
						CreatedOnToolsVersion = 14.2;
					};
				};
			};
			buildConfigurationList = 782012AA2B73D00600BB44D9 /* Build configuration list for PBXProject "searching.Books" */;
			compatibilityVersion = "Xcode 14.0";
			developmentRegion = en;
			hasScannedForEncodings = 0;
			knownRegions = (
				en,
				Base,
			);
			mainGroup = 782012A62B73D00600BB44D9;
			packageReferences = (
				782012C62B73D09700BB44D9 /* XCRemoteSwiftPackageReference "Alamofire" */,
				782012CB2B73D51200BB44D9 /* XCRemoteSwiftPackageReference "SnapKit" */,
				7808226B2B73EC5900DCAB07 /* XCRemoteSwiftPackageReference "SDWebImage" */,
			);
			productRefGroup = 782012B02B73D00600BB44D9 /* Products */;
			projectDirPath = "";
			projectRoot = "";
			targets = (
				782012AE2B73D00600BB44D9 /* searching.Books */,
			);
		};
/* End PBXProject section */

/* Begin PBXResourcesBuildPhase section */
		782012AD2B73D00600BB44D9 /* Resources */ = {
			isa = PBXResourcesBuildPhase;
			buildActionMask = 2147483647;
			files = (
				782012BC2B73D00700BB44D9 /* Assets.xcassets in Resources */,
			);
			runOnlyForDeploymentPostprocessing = 0;
		};
/* End PBXResourcesBuildPhase section */

/* Begin PBXSourcesBuildPhase section */
		782012AB2B73D00600BB44D9 /* Sources */ = {
			isa = PBXSourcesBuildPhase;
			buildActionMask = 2147483647;
			files = (
				782012CA2B73D10200BB44D9 /* Book.swift in Sources */,
				782012D52B73E2D600BB44D9 /* BookDetailViewModel.swift in Sources */,
				782012CF2B73E29600BB44D9 /* SearchViewModel.swift in Sources */,
				780822722B74204000DCAB07 /* Extension + UserDefaults.swift in Sources */,
				78DE4B932B74260D0067DC36 /* SearchCoordinator.swift in Sources */,
				782012B72B73D00600BB44D9 /* SearchViewController.swift in Sources */,
				782012DD2B73E61B00BB44D9 /* BookTableViewCell.swift in Sources */,
				782012DB2B73E3E300BB44D9 /* NetworkManager.swift in Sources */,
				782012D32B73E2BF00BB44D9 /* BookViewController.swift in Sources */,
				7808226F2B741D9500DCAB07 /* StorageManager.swift in Sources */,
				782012B32B73D00600BB44D9 /* AppDelegate.swift in Sources */,
				782012B52B73D00600BB44D9 /* SceneDelegate.swift in Sources */,
			);
			runOnlyForDeploymentPostprocessing = 0;
		};
/* End PBXSourcesBuildPhase section */

/* Begin XCBuildConfiguration section */
		782012C12B73D00700BB44D9 /* Debug */ = {
			isa = XCBuildConfiguration;
			buildSettings = {
				ALWAYS_SEARCH_USER_PATHS = NO;
				CLANG_ANALYZER_NONNULL = YES;
				CLANG_ANALYZER_NUMBER_OBJECT_CONVERSION = YES_AGGRESSIVE;
				CLANG_CXX_LANGUAGE_STANDARD = "gnu++20";
				CLANG_ENABLE_MODULES = YES;
				CLANG_ENABLE_OBJC_ARC = YES;
				CLANG_ENABLE_OBJC_WEAK = YES;
				CLANG_WARN_BLOCK_CAPTURE_AUTORELEASING = YES;
				CLANG_WARN_BOOL_CONVERSION = YES;
				CLANG_WARN_COMMA = YES;
				CLANG_WARN_CONSTANT_CONVERSION = YES;
				CLANG_WARN_DEPRECATED_OBJC_IMPLEMENTATIONS = YES;
				CLANG_WARN_DIRECT_OBJC_ISA_USAGE = YES_ERROR;
				CLANG_WARN_DOCUMENTATION_COMMENTS = YES;
				CLANG_WARN_EMPTY_BODY = YES;
				CLANG_WARN_ENUM_CONVERSION = YES;
				CLANG_WARN_INFINITE_RECURSION = YES;
				CLANG_WARN_INT_CONVERSION = YES;
				CLANG_WARN_NON_LITERAL_NULL_CONVERSION = YES;
				CLANG_WARN_OBJC_IMPLICIT_RETAIN_SELF = YES;
				CLANG_WARN_OBJC_LITERAL_CONVERSION = YES;
				CLANG_WARN_OBJC_ROOT_CLASS = YES_ERROR;
				CLANG_WARN_QUOTED_INCLUDE_IN_FRAMEWORK_HEADER = YES;
				CLANG_WARN_RANGE_LOOP_ANALYSIS = YES;
				CLANG_WARN_STRICT_PROTOTYPES = YES;
				CLANG_WARN_SUSPICIOUS_MOVE = YES;
				CLANG_WARN_UNGUARDED_AVAILABILITY = YES_AGGRESSIVE;
				CLANG_WARN_UNREACHABLE_CODE = YES;
				CLANG_WARN__DUPLICATE_METHOD_MATCH = YES;
				COPY_PHASE_STRIP = NO;
				DEBUG_INFORMATION_FORMAT = dwarf;
				ENABLE_STRICT_OBJC_MSGSEND = YES;
				ENABLE_TESTABILITY = YES;
				GCC_C_LANGUAGE_STANDARD = gnu11;
				GCC_DYNAMIC_NO_PIC = NO;
				GCC_NO_COMMON_BLOCKS = YES;
				GCC_OPTIMIZATION_LEVEL = 0;
				GCC_PREPROCESSOR_DEFINITIONS = (
					"DEBUG=1",
					"$(inherited)",
				);
				GCC_WARN_64_TO_32_BIT_CONVERSION = YES;
				GCC_WARN_ABOUT_RETURN_TYPE = YES_ERROR;
				GCC_WARN_UNDECLARED_SELECTOR = YES;
				GCC_WARN_UNINITIALIZED_AUTOS = YES_AGGRESSIVE;
				GCC_WARN_UNUSED_FUNCTION = YES;
				GCC_WARN_UNUSED_VARIABLE = YES;
				IPHONEOS_DEPLOYMENT_TARGET = 16.2;
				MTL_ENABLE_DEBUG_INFO = INCLUDE_SOURCE;
				MTL_FAST_MATH = YES;
				ONLY_ACTIVE_ARCH = YES;
				SDKROOT = iphoneos;
				SWIFT_ACTIVE_COMPILATION_CONDITIONS = DEBUG;
				SWIFT_OPTIMIZATION_LEVEL = "-Onone";
			};
			name = Debug;
		};
		782012C22B73D00700BB44D9 /* Release */ = {
			isa = XCBuildConfiguration;
			buildSettings = {
				ALWAYS_SEARCH_USER_PATHS = NO;
				CLANG_ANALYZER_NONNULL = YES;
				CLANG_ANALYZER_NUMBER_OBJECT_CONVERSION = YES_AGGRESSIVE;
				CLANG_CXX_LANGUAGE_STANDARD = "gnu++20";
				CLANG_ENABLE_MODULES = YES;
				CLANG_ENABLE_OBJC_ARC = YES;
				CLANG_ENABLE_OBJC_WEAK = YES;
				CLANG_WARN_BLOCK_CAPTURE_AUTORELEASING = YES;
				CLANG_WARN_BOOL_CONVERSION = YES;
				CLANG_WARN_COMMA = YES;
				CLANG_WARN_CONSTANT_CONVERSION = YES;
				CLANG_WARN_DEPRECATED_OBJC_IMPLEMENTATIONS = YES;
				CLANG_WARN_DIRECT_OBJC_ISA_USAGE = YES_ERROR;
				CLANG_WARN_DOCUMENTATION_COMMENTS = YES;
				CLANG_WARN_EMPTY_BODY = YES;
				CLANG_WARN_ENUM_CONVERSION = YES;
				CLANG_WARN_INFINITE_RECURSION = YES;
				CLANG_WARN_INT_CONVERSION = YES;
				CLANG_WARN_NON_LITERAL_NULL_CONVERSION = YES;
				CLANG_WARN_OBJC_IMPLICIT_RETAIN_SELF = YES;
				CLANG_WARN_OBJC_LITERAL_CONVERSION = YES;
				CLANG_WARN_OBJC_ROOT_CLASS = YES_ERROR;
				CLANG_WARN_QUOTED_INCLUDE_IN_FRAMEWORK_HEADER = YES;
				CLANG_WARN_RANGE_LOOP_ANALYSIS = YES;
				CLANG_WARN_STRICT_PROTOTYPES = YES;
				CLANG_WARN_SUSPICIOUS_MOVE = YES;
				CLANG_WARN_UNGUARDED_AVAILABILITY = YES_AGGRESSIVE;
				CLANG_WARN_UNREACHABLE_CODE = YES;
				CLANG_WARN__DUPLICATE_METHOD_MATCH = YES;
				COPY_PHASE_STRIP = NO;
				DEBUG_INFORMATION_FORMAT = "dwarf-with-dsym";
				ENABLE_NS_ASSERTIONS = NO;
				ENABLE_STRICT_OBJC_MSGSEND = YES;
				GCC_C_LANGUAGE_STANDARD = gnu11;
				GCC_NO_COMMON_BLOCKS = YES;
				GCC_WARN_64_TO_32_BIT_CONVERSION = YES;
				GCC_WARN_ABOUT_RETURN_TYPE = YES_ERROR;
				GCC_WARN_UNDECLARED_SELECTOR = YES;
				GCC_WARN_UNINITIALIZED_AUTOS = YES_AGGRESSIVE;
				GCC_WARN_UNUSED_FUNCTION = YES;
				GCC_WARN_UNUSED_VARIABLE = YES;
				IPHONEOS_DEPLOYMENT_TARGET = 16.2;
				MTL_ENABLE_DEBUG_INFO = NO;
				MTL_FAST_MATH = YES;
				SDKROOT = iphoneos;
				SWIFT_COMPILATION_MODE = wholemodule;
				SWIFT_OPTIMIZATION_LEVEL = "-O";
				VALIDATE_PRODUCT = YES;
			};
			name = Release;
		};
		782012C42B73D00700BB44D9 /* Debug */ = {
			isa = XCBuildConfiguration;
			buildSettings = {
				ASSETCATALOG_COMPILER_APPICON_NAME = AppIcon;
				ASSETCATALOG_COMPILER_GLOBAL_ACCENT_COLOR_NAME = AccentColor;
				CODE_SIGN_STYLE = Automatic;
				CURRENT_PROJECT_VERSION = 1;
				DEVELOPMENT_TEAM = 25H4N2RW85;
				GENERATE_INFOPLIST_FILE = YES;
				INFOPLIST_FILE = searching.Books/App/Info.plist;
				INFOPLIST_KEY_UIApplicationSupportsIndirectInputEvents = YES;
				INFOPLIST_KEY_UILaunchStoryboardName = LaunchScreen;
				INFOPLIST_KEY_UISupportedInterfaceOrientations = UIInterfaceOrientationPortrait;
				INFOPLIST_KEY_UISupportedInterfaceOrientations_iPad = "UIInterfaceOrientationLandscapeLeft UIInterfaceOrientationLandscapeRight UIInterfaceOrientationPortrait UIInterfaceOrientationPortraitUpsideDown";
				LD_RUNPATH_SEARCH_PATHS = (
					"$(inherited)",
					"@executable_path/Frameworks",
				);
				MARKETING_VERSION = 1.0;
				PRODUCT_BUNDLE_IDENTIFIER = "rukahand.searching-Books";
				PRODUCT_NAME = "$(TARGET_NAME)";
				SUPPORTED_PLATFORMS = "iphoneos iphonesimulator";
				SUPPORTS_MACCATALYST = NO;
				SUPPORTS_MAC_DESIGNED_FOR_IPHONE_IPAD = NO;
				SWIFT_EMIT_LOC_STRINGS = YES;
				SWIFT_VERSION = 5.0;
				TARGETED_DEVICE_FAMILY = 1;
			};
			name = Debug;
		};
		782012C52B73D00700BB44D9 /* Release */ = {
			isa = XCBuildConfiguration;
			buildSettings = {
				ASSETCATALOG_COMPILER_APPICON_NAME = AppIcon;
				ASSETCATALOG_COMPILER_GLOBAL_ACCENT_COLOR_NAME = AccentColor;
				CODE_SIGN_STYLE = Automatic;
				CURRENT_PROJECT_VERSION = 1;
				DEVELOPMENT_TEAM = 25H4N2RW85;
				GENERATE_INFOPLIST_FILE = YES;
				INFOPLIST_FILE = searching.Books/App/Info.plist;
				INFOPLIST_KEY_UIApplicationSupportsIndirectInputEvents = YES;
				INFOPLIST_KEY_UILaunchStoryboardName = LaunchScreen;
				INFOPLIST_KEY_UISupportedInterfaceOrientations = UIInterfaceOrientationPortrait;
				INFOPLIST_KEY_UISupportedInterfaceOrientations_iPad = "UIInterfaceOrientationLandscapeLeft UIInterfaceOrientationLandscapeRight UIInterfaceOrientationPortrait UIInterfaceOrientationPortraitUpsideDown";
				LD_RUNPATH_SEARCH_PATHS = (
					"$(inherited)",
					"@executable_path/Frameworks",
				);
				MARKETING_VERSION = 1.0;
				PRODUCT_BUNDLE_IDENTIFIER = "rukahand.searching-Books";
				PRODUCT_NAME = "$(TARGET_NAME)";
				SUPPORTED_PLATFORMS = "iphoneos iphonesimulator";
				SUPPORTS_MACCATALYST = NO;
				SUPPORTS_MAC_DESIGNED_FOR_IPHONE_IPAD = NO;
				SWIFT_EMIT_LOC_STRINGS = YES;
				SWIFT_VERSION = 5.0;
				TARGETED_DEVICE_FAMILY = 1;
			};
			name = Release;
		};
/* End XCBuildConfiguration section */

/* Begin XCConfigurationList section */
		782012AA2B73D00600BB44D9 /* Build configuration list for PBXProject "searching.Books" */ = {
			isa = XCConfigurationList;
			buildConfigurations = (
				782012C12B73D00700BB44D9 /* Debug */,
				782012C22B73D00700BB44D9 /* Release */,
			);
			defaultConfigurationIsVisible = 0;
			defaultConfigurationName = Release;
		};
		782012C32B73D00700BB44D9 /* Build configuration list for PBXNativeTarget "searching.Books" */ = {
			isa = XCConfigurationList;
			buildConfigurations = (
				782012C42B73D00700BB44D9 /* Debug */,
				782012C52B73D00700BB44D9 /* Release */,
			);
			defaultConfigurationIsVisible = 0;
			defaultConfigurationName = Release;
		};
/* End XCConfigurationList section */

/* Begin XCRemoteSwiftPackageReference section */
		7808226B2B73EC5900DCAB07 /* XCRemoteSwiftPackageReference "SDWebImage" */ = {
			isa = XCRemoteSwiftPackageReference;
			repositoryURL = "https://github.com/SDWebImage/SDWebImage";
			requirement = {
				kind = upToNextMajorVersion;
				minimumVersion = 5.0.0;
			};
		};
		782012C62B73D09700BB44D9 /* XCRemoteSwiftPackageReference "Alamofire" */ = {
			isa = XCRemoteSwiftPackageReference;
			repositoryURL = "https://github.com/Alamofire/Alamofire";
			requirement = {
				branch = master;
				kind = branch;
			};
		};
		782012CB2B73D51200BB44D9 /* XCRemoteSwiftPackageReference "SnapKit" */ = {
			isa = XCRemoteSwiftPackageReference;
			repositoryURL = "https://github.com/SnapKit/SnapKit";
			requirement = {
				kind = upToNextMajorVersion;
				minimumVersion = 5.0.0;
			};
		};
/* End XCRemoteSwiftPackageReference section */

/* Begin XCSwiftPackageProductDependency section */
		7808226C2B73EC5900DCAB07 /* SDWebImage */ = {
			isa = XCSwiftPackageProductDependency;
			package = 7808226B2B73EC5900DCAB07 /* XCRemoteSwiftPackageReference "SDWebImage" */;
			productName = SDWebImage;
		};
		782012C72B73D09700BB44D9 /* Alamofire */ = {
			isa = XCSwiftPackageProductDependency;
			package = 782012C62B73D09700BB44D9 /* XCRemoteSwiftPackageReference "Alamofire" */;
			productName = Alamofire;
		};
		782012CC2B73D51200BB44D9 /* SnapKit */ = {
			isa = XCSwiftPackageProductDependency;
			package = 782012CB2B73D51200BB44D9 /* XCRemoteSwiftPackageReference "SnapKit" */;
			productName = SnapKit;
		};
/* End XCSwiftPackageProductDependency section */
	};
	rootObject = 782012A72B73D00600BB44D9 /* Project object */;
}
